{
  "originHash" : "0d23fecf0a0b25659d0f5fd60ef3e6c63ea3d110e88d96be00fd8c3e04439e29",
  "pins" : [
    {
      "identity" : "bigint",
      "kind" : "remoteSourceControl",
      "location" : "https://github.com/attaswift/BigInt.git",
      "state" : {
        "revision" : "e07e00fa1fd435143a2dcf8b7eec9a7710b2fdfe",
        "version" : "5.7.0"
      }
    },
    {
      "identity" : "ivortiming",
      "kind" : "remoteSourceControl",
      "location" : "https://github.com/eBardX/IvorTiming.git",
      "state" : {
        "revision" : "60f82f538dda2b7dd7f3cac4694cd48dbc32e0e8",
        "version" : "0.2.2"
      }
    },
    {
      "identity" : "ivortuning",
      "kind" : "remoteSourceControl",
      "location" : "https://github.com/eBardX/IvorTuning.git",
      "state" : {
        "revision" : "36e26aa2eab43a72610a1713a040fcf62b4a7742",
        "version" : "0.5.2"
      }
    },
    {
      "identity" : "swift-numerics",
      "kind" : "remoteSourceControl",
      "location" : "https://github.com/apple/swift-numerics",
      "state" : {
        "revision" : "0c0290ff6b24942dadb83a929ffaaa1481df04a2",
        "version" : "1.1.1"
      }
    },
    {
      "identity" : "xestiarchive",
      "kind" : "remoteSourceControl",
      "location" : "https://github.com/eBardX/XestiArchive.git",
      "state" : {
        "revision" : "137d377e2c17814ff5cb345f546f0dac8db7df56",
        "version" : "1.0.0"
      }
    },
    {
      "identity" : "xestimarkov",
      "kind" : "remoteSourceControl",
      "location" : "https://github.com/eBardX/XestiMarkov.git",
      "state" : {
        "revision" : "4513d568a47e8afc4c4d264644d0363b9833d75e",
        "version" : "3.0.1"
      }
    },
    {
      "identity" : "xestinumbers",
      "kind" : "remoteSourceControl",
      "location" : "https://github.com/eBardX/XestiNumbers.git",
      "state" : {
        "revision" : "a469c8ec4f2c853f81ea82b1c5c0ba4375165fc4",
        "version" : "1.1.1"
      }
    },
    {
      "identity" : "xestisexp",
      "kind" : "remoteSourceControl",
      "location" : "https://github.com/eBardX/XestiSexp.git",
      "state" : {
        "revision" : "28da59173de8be8f0c0718c2e97dd0883b962a1c",
        "version" : "4.1.5"
      }
    },
    {
      "identity" : "xestitokens",
      "kind" : "remoteSourceControl",
      "location" : "https://github.com/eBardX/XestiTokens.git",
      "state" : {
        "revision" : "8666051c1c67f05dcb02f3801f160f24399eb9fb",
        "version" : "1.1.2"
      }
    },
    {
      "identity" : "xestitools",
      "kind" : "remoteSourceControl",
      "location" : "https://github.com/eBardX/XestiTools.git",
      "state" : {
        "revision" : "862a2b5d4b5c24147822bbd535dd2f1691fdbfa2",
        "version" : "9.0.0"
      }
    },
    {
      "identity" : "zipfoundation",
      "kind" : "remoteSourceControl",
      "location" : "https://github.com/weichsel/ZIPFoundation.git",
      "state" : {
        "revision" : "22787ffb59de99e5dc1fbfe80b19c97a904ad48d",
        "version" : "0.9.20"
      }
    }
  ],
  "version" : 3
}
